// !$*UTF8*$!
{
	archiveVersion = 1;
	classes = {
	};
	objectVersion = 46;
	objects = {

/* Begin PBXBuildFile section */
		87A6BF1D1CA040E200BF2AF7 /* AppDelegate.swift in Sources */ = {isa = PBXBuildFile; fileRef = 87A6BF1C1CA040E200BF2AF7 /* AppDelegate.swift */; };
		87A6BF1F1CA040E200BF2AF7 /* ViewController.swift in Sources */ = {isa = PBXBuildFile; fileRef = 87A6BF1E1CA040E200BF2AF7 /* ViewController.swift */; };
		87A6BF221CA040E200BF2AF7 /* Main.storyboard in Resources */ = {isa = PBXBuildFile; fileRef = 87A6BF201CA040E200BF2AF7 /* Main.storyboard */; };
		87A6BF251CA040E200BF2AF7 /* KellyShop.xcdatamodeld in Sources */ = {isa = PBXBuildFile; fileRef = 87A6BF231CA040E200BF2AF7 /* KellyShop.xcdatamodeld */; };
		87A6BF271CA040E200BF2AF7 /* Assets.xcassets in Resources */ = {isa = PBXBuildFile; fileRef = 87A6BF261CA040E200BF2AF7 /* Assets.xcassets */; };
		87A6BF2A1CA040E200BF2AF7 /* LaunchScreen.storyboard in Resources */ = {isa = PBXBuildFile; fileRef = 87A6BF281CA040E200BF2AF7 /* LaunchScreen.storyboard */; };
		87A6BF351CA040E200BF2AF7 /* KellyShopTests.swift in Sources */ = {isa = PBXBuildFile; fileRef = 87A6BF341CA040E200BF2AF7 /* KellyShopTests.swift */; };
		87A6BF401CA040E200BF2AF7 /* KellyShopUITests.swift in Sources */ = {isa = PBXBuildFile; fileRef = 87A6BF3F1CA040E200BF2AF7 /* KellyShopUITests.swift */; };
		87A6BF521CA0439C00BF2AF7 /* FileHelper.swift in Sources */ = {isa = PBXBuildFile; fileRef = 87A6BF4E1CA0439C00BF2AF7 /* FileHelper.swift */; };
		87A6BF531CA0439C00BF2AF7 /* HttpDownloader.swift in Sources */ = {isa = PBXBuildFile; fileRef = 87A6BF4F1CA0439C00BF2AF7 /* HttpDownloader.swift */; };
		87A6BF541CA0439C00BF2AF7 /* ImageHelper.swift in Sources */ = {isa = PBXBuildFile; fileRef = 87A6BF501CA0439C00BF2AF7 /* ImageHelper.swift */; };
		87A6BF551CA0439C00BF2AF7 /* Logger.swift in Sources */ = {isa = PBXBuildFile; fileRef = 87A6BF511CA0439C00BF2AF7 /* Logger.swift */; };
		87A6BF571CA043E800BF2AF7 /* StringHelper.swift in Sources */ = {isa = PBXBuildFile; fileRef = 87A6BF561CA043E800BF2AF7 /* StringHelper.swift */; };
		87A6BF601CA04A4700BF2AF7 /* Bolts.framework in Frameworks */ = {isa = PBXBuildFile; fileRef = 87A6BF581CA04A4700BF2AF7 /* Bolts.framework */; };
		87A6BF611CA04A4700BF2AF7 /* FBSDKCoreKit.framework in Frameworks */ = {isa = PBXBuildFile; fileRef = 87A6BF591CA04A4700BF2AF7 /* FBSDKCoreKit.framework */; };
		87A6BF621CA04A4700BF2AF7 /* FBSDKLoginKit.framework in Frameworks */ = {isa = PBXBuildFile; fileRef = 87A6BF5A1CA04A4700BF2AF7 /* FBSDKLoginKit.framework */; };
		87A6BF631CA04A4700BF2AF7 /* FBSDKShareKit.framework in Frameworks */ = {isa = PBXBuildFile; fileRef = 87A6BF5B1CA04A4700BF2AF7 /* FBSDKShareKit.framework */; };
		87A6BF641CA04A4700BF2AF7 /* ImageLoader.framework in Frameworks */ = {isa = PBXBuildFile; fileRef = 87A6BF5C1CA04A4700BF2AF7 /* ImageLoader.framework */; };
		87A6BF651CA04A4700BF2AF7 /* ImagePicker.framework in Frameworks */ = {isa = PBXBuildFile; fileRef = 87A6BF5D1CA04A4700BF2AF7 /* ImagePicker.framework */; };
		87A6BF661CA04A4700BF2AF7 /* Realm.framework in Frameworks */ = {isa = PBXBuildFile; fileRef = 87A6BF5E1CA04A4700BF2AF7 /* Realm.framework */; };
		87A6BF671CA04A4700BF2AF7 /* RealmSwift.framework in Frameworks */ = {isa = PBXBuildFile; fileRef = 87A6BF5F1CA04A4700BF2AF7 /* RealmSwift.framework */; };
		87F0A85A1CA0FB0C0018B31E /* LoginController.swift in Sources */ = {isa = PBXBuildFile; fileRef = 87F0A8591CA0FB0C0018B31E /* LoginController.swift */; };
		E5E0FD7673892026471E7A59 /* Pods_KellyShop.framework in Frameworks */ = {isa = PBXBuildFile; fileRef = 93C198F42D34580BC08E4ABF /* Pods_KellyShop.framework */; };
/* End PBXBuildFile section */

/* Begin PBXContainerItemProxy section */
		87A6BF311CA040E200BF2AF7 /* PBXContainerItemProxy */ = {
			isa = PBXContainerItemProxy;
			containerPortal = 87A6BF111CA040E200BF2AF7 /* Project object */;
			proxyType = 1;
			remoteGlobalIDString = 87A6BF181CA040E200BF2AF7;
			remoteInfo = KellyShop;
		};
		87A6BF3C1CA040E200BF2AF7 /* PBXContainerItemProxy */ = {
			isa = PBXContainerItemProxy;
			containerPortal = 87A6BF111CA040E200BF2AF7 /* Project object */;
			proxyType = 1;
			remoteGlobalIDString = 87A6BF181CA040E200BF2AF7;
			remoteInfo = KellyShop;
		};
/* End PBXContainerItemProxy section */

/* Begin PBXFileReference section */
		87A6BF191CA040E200BF2AF7 /* Jenny's shop.app */ = {isa = PBXFileReference; explicitFileType = wrapper.application; includeInIndex = 0; path = "Jenny's shop.app"; sourceTree = BUILT_PRODUCTS_DIR; };
		87A6BF1C1CA040E200BF2AF7 /* AppDelegate.swift */ = {isa = PBXFileReference; lastKnownFileType = sourcecode.swift; path = AppDelegate.swift; sourceTree = "<group>"; };
		87A6BF1E1CA040E200BF2AF7 /* ViewController.swift */ = {isa = PBXFileReference; lastKnownFileType = sourcecode.swift; path = ViewController.swift; sourceTree = "<group>"; };
		87A6BF211CA040E200BF2AF7 /* Base */ = {isa = PBXFileReference; lastKnownFileType = file.storyboard; name = Base; path = Base.lproj/Main.storyboard; sourceTree = "<group>"; };
		87A6BF241CA040E200BF2AF7 /* KellyShop.xcdatamodel */ = {isa = PBXFileReference; lastKnownFileType = wrapper.xcdatamodel; path = KellyShop.xcdatamodel; sourceTree = "<group>"; };
		87A6BF261CA040E200BF2AF7 /* Assets.xcassets */ = {isa = PBXFileReference; lastKnownFileType = folder.assetcatalog; path = Assets.xcassets; sourceTree = "<group>"; };
		87A6BF291CA040E200BF2AF7 /* Base */ = {isa = PBXFileReference; lastKnownFileType = file.storyboard; name = Base; path = Base.lproj/LaunchScreen.storyboard; sourceTree = "<group>"; };
		87A6BF2B1CA040E200BF2AF7 /* Info.plist */ = {isa = PBXFileReference; lastKnownFileType = text.plist.xml; path = Info.plist; sourceTree = "<group>"; };
		87A6BF301CA040E200BF2AF7 /* KellyShopTests.xctest */ = {isa = PBXFileReference; explicitFileType = wrapper.cfbundle; includeInIndex = 0; path = KellyShopTests.xctest; sourceTree = BUILT_PRODUCTS_DIR; };
		87A6BF341CA040E200BF2AF7 /* KellyShopTests.swift */ = {isa = PBXFileReference; lastKnownFileType = sourcecode.swift; path = KellyShopTests.swift; sourceTree = "<group>"; };
		87A6BF361CA040E200BF2AF7 /* Info.plist */ = {isa = PBXFileReference; lastKnownFileType = text.plist.xml; path = Info.plist; sourceTree = "<group>"; };
		87A6BF3B1CA040E200BF2AF7 /* KellyShopUITests.xctest */ = {isa = PBXFileReference; explicitFileType = wrapper.cfbundle; includeInIndex = 0; path = KellyShopUITests.xctest; sourceTree = BUILT_PRODUCTS_DIR; };
		87A6BF3F1CA040E200BF2AF7 /* KellyShopUITests.swift */ = {isa = PBXFileReference; lastKnownFileType = sourcecode.swift; path = KellyShopUITests.swift; sourceTree = "<group>"; };
		87A6BF411CA040E200BF2AF7 /* Info.plist */ = {isa = PBXFileReference; lastKnownFileType = text.plist.xml; path = Info.plist; sourceTree = "<group>"; };
		87A6BF4E1CA0439C00BF2AF7 /* FileHelper.swift */ = {isa = PBXFileReference; fileEncoding = 4; lastKnownFileType = sourcecode.swift; name = FileHelper.swift; path = Utils/FileHelper.swift; sourceTree = "<group>"; };
		87A6BF4F1CA0439C00BF2AF7 /* HttpDownloader.swift */ = {isa = PBXFileReference; fileEncoding = 4; lastKnownFileType = sourcecode.swift; name = HttpDownloader.swift; path = Utils/HttpDownloader.swift; sourceTree = "<group>"; };
		87A6BF501CA0439C00BF2AF7 /* ImageHelper.swift */ = {isa = PBXFileReference; fileEncoding = 4; lastKnownFileType = sourcecode.swift; name = ImageHelper.swift; path = Utils/ImageHelper.swift; sourceTree = "<group>"; };
		87A6BF511CA0439C00BF2AF7 /* Logger.swift */ = {isa = PBXFileReference; fileEncoding = 4; lastKnownFileType = sourcecode.swift; name = Logger.swift; path = Utils/Logger.swift; sourceTree = "<group>"; };
		87A6BF561CA043E800BF2AF7 /* StringHelper.swift */ = {isa = PBXFileReference; fileEncoding = 4; lastKnownFileType = sourcecode.swift; name = StringHelper.swift; path = Utils/StringHelper.swift; sourceTree = "<group>"; };
		87A6BF581CA04A4700BF2AF7 /* Bolts.framework */ = {isa = PBXFileReference; lastKnownFileType = wrapper.framework; name = Bolts.framework; path = "Pods/../build/Debug-iphoneos/Bolts.framework"; sourceTree = "<group>"; };
		87A6BF591CA04A4700BF2AF7 /* FBSDKCoreKit.framework */ = {isa = PBXFileReference; lastKnownFileType = wrapper.framework; name = FBSDKCoreKit.framework; path = "Pods/../build/Debug-iphoneos/FBSDKCoreKit.framework"; sourceTree = "<group>"; };
		87A6BF5A1CA04A4700BF2AF7 /* FBSDKLoginKit.framework */ = {isa = PBXFileReference; lastKnownFileType = wrapper.framework; name = FBSDKLoginKit.framework; path = "Pods/../build/Debug-iphoneos/FBSDKLoginKit.framework"; sourceTree = "<group>"; };
		87A6BF5B1CA04A4700BF2AF7 /* FBSDKShareKit.framework */ = {isa = PBXFileReference; lastKnownFileType = wrapper.framework; name = FBSDKShareKit.framework; path = "Pods/../build/Debug-iphoneos/FBSDKShareKit.framework"; sourceTree = "<group>"; };
		87A6BF5C1CA04A4700BF2AF7 /* ImageLoader.framework */ = {isa = PBXFileReference; lastKnownFileType = wrapper.framework; name = ImageLoader.framework; path = "Pods/../build/Debug-iphoneos/ImageLoader.framework"; sourceTree = "<group>"; };
		87A6BF5D1CA04A4700BF2AF7 /* ImagePicker.framework */ = {isa = PBXFileReference; lastKnownFileType = wrapper.framework; name = ImagePicker.framework; path = "Pods/../build/Debug-iphoneos/ImagePicker.framework"; sourceTree = "<group>"; };
		87A6BF5E1CA04A4700BF2AF7 /* Realm.framework */ = {isa = PBXFileReference; lastKnownFileType = wrapper.framework; name = Realm.framework; path = "Pods/../build/Debug-iphoneos/Realm.framework"; sourceTree = "<group>"; };
		87A6BF5F1CA04A4700BF2AF7 /* RealmSwift.framework */ = {isa = PBXFileReference; lastKnownFileType = wrapper.framework; name = RealmSwift.framework; path = "Pods/../build/Debug-iphoneos/RealmSwift.framework"; sourceTree = "<group>"; };
		87A6BF691CA04C2E00BF2AF7 /* KellyShop-Bridging-Header.h */ = {isa = PBXFileReference; lastKnownFileType = sourcecode.c.h; path = "KellyShop-Bridging-Header.h"; sourceTree = SOURCE_ROOT; };
		87F0A8591CA0FB0C0018B31E /* LoginController.swift */ = {isa = PBXFileReference; fileEncoding = 4; lastKnownFileType = sourcecode.swift; path = LoginController.swift; sourceTree = "<group>"; };
		93C198F42D34580BC08E4ABF /* Pods_KellyShop.framework */ = {isa = PBXFileReference; explicitFileType = wrapper.framework; includeInIndex = 0; path = Pods_KellyShop.framework; sourceTree = BUILT_PRODUCTS_DIR; };
		BE2E456AEF4D007D7235B2D8 /* Pods-KellyShop.release.xcconfig */ = {isa = PBXFileReference; includeInIndex = 1; lastKnownFileType = text.xcconfig; name = "Pods-KellyShop.release.xcconfig"; path = "Pods/Target Support Files/Pods-KellyShop/Pods-KellyShop.release.xcconfig"; sourceTree = "<group>"; };
		F592E5A1FFD80248252B233C /* Pods-KellyShop.debug.xcconfig */ = {isa = PBXFileReference; includeInIndex = 1; lastKnownFileType = text.xcconfig; name = "Pods-KellyShop.debug.xcconfig"; path = "Pods/Target Support Files/Pods-KellyShop/Pods-KellyShop.debug.xcconfig"; sourceTree = "<group>"; };
/* End PBXFileReference section */

/* Begin PBXFrameworksBuildPhase section */
		87A6BF161CA040E200BF2AF7 /* Frameworks */ = {
			isa = PBXFrameworksBuildPhase;
			buildActionMask = 2147483647;
			files = (
				87A6BF601CA04A4700BF2AF7 /* Bolts.framework in Frameworks */,
				87A6BF611CA04A4700BF2AF7 /* FBSDKCoreKit.framework in Frameworks */,
				87A6BF621CA04A4700BF2AF7 /* FBSDKLoginKit.framework in Frameworks */,
				87A6BF631CA04A4700BF2AF7 /* FBSDKShareKit.framework in Frameworks */,
				87A6BF641CA04A4700BF2AF7 /* ImageLoader.framework in Frameworks */,
				87A6BF651CA04A4700BF2AF7 /* ImagePicker.framework in Frameworks */,
				87A6BF661CA04A4700BF2AF7 /* Realm.framework in Frameworks */,
				87A6BF671CA04A4700BF2AF7 /* RealmSwift.framework in Frameworks */,
				E5E0FD7673892026471E7A59 /* Pods_KellyShop.framework in Frameworks */,
			);
			runOnlyForDeploymentPostprocessing = 0;
		};
		87A6BF2D1CA040E200BF2AF7 /* Frameworks */ = {
			isa = PBXFrameworksBuildPhase;
			buildActionMask = 2147483647;
			files = (
			);
			runOnlyForDeploymentPostprocessing = 0;
		};
		87A6BF381CA040E200BF2AF7 /* Frameworks */ = {
			isa = PBXFrameworksBuildPhase;
			buildActionMask = 2147483647;
			files = (
			);
			runOnlyForDeploymentPostprocessing = 0;
		};
/* End PBXFrameworksBuildPhase section */

/* Begin PBXGroup section */
		1017450A84AA4610F2BA61D2 /* Pods */ = {
			isa = PBXGroup;
			children = (
				F592E5A1FFD80248252B233C /* Pods-KellyShop.debug.xcconfig */,
				BE2E456AEF4D007D7235B2D8 /* Pods-KellyShop.release.xcconfig */,
			);
			name = Pods;
			sourceTree = "<group>";
		};
		27FCD74B4E26679CEC0F11C3 /* Frameworks */ = {
			isa = PBXGroup;
			children = (
				87A6BF581CA04A4700BF2AF7 /* Bolts.framework */,
				87A6BF591CA04A4700BF2AF7 /* FBSDKCoreKit.framework */,
				87A6BF5A1CA04A4700BF2AF7 /* FBSDKLoginKit.framework */,
				87A6BF5B1CA04A4700BF2AF7 /* FBSDKShareKit.framework */,
				87A6BF5C1CA04A4700BF2AF7 /* ImageLoader.framework */,
				87A6BF5D1CA04A4700BF2AF7 /* ImagePicker.framework */,
				87A6BF5E1CA04A4700BF2AF7 /* Realm.framework */,
				87A6BF5F1CA04A4700BF2AF7 /* RealmSwift.framework */,
				93C198F42D34580BC08E4ABF /* Pods_KellyShop.framework */,
			);
			name = Frameworks;
			sourceTree = "<group>";
		};
		87A6BF101CA040E200BF2AF7 = {
			isa = PBXGroup;
			children = (
				87A6BF1B1CA040E200BF2AF7 /* KellyShop */,
				87A6BF331CA040E200BF2AF7 /* KellyShopTests */,
				87A6BF3E1CA040E200BF2AF7 /* KellyShopUITests */,
				87A6BF1A1CA040E200BF2AF7 /* Products */,
				1017450A84AA4610F2BA61D2 /* Pods */,
				27FCD74B4E26679CEC0F11C3 /* Frameworks */,
			);
			sourceTree = "<group>";
		};
		87A6BF1A1CA040E200BF2AF7 /* Products */ = {
			isa = PBXGroup;
			children = (
				87A6BF191CA040E200BF2AF7 /* Jenny's shop.app */,
				87A6BF301CA040E200BF2AF7 /* KellyShopTests.xctest */,
				87A6BF3B1CA040E200BF2AF7 /* KellyShopUITests.xctest */,
			);
			name = Products;
			sourceTree = "<group>";
		};
		87A6BF1B1CA040E200BF2AF7 /* KellyShop */ = {
			isa = PBXGroup;
			children = (
				87A6BF691CA04C2E00BF2AF7 /* KellyShop-Bridging-Header.h */,
				87A6BF4D1CA0439500BF2AF7 /* Utils */,
				87A6BF1C1CA040E200BF2AF7 /* AppDelegate.swift */,
				87A6BF1E1CA040E200BF2AF7 /* ViewController.swift */,
				87A6BF201CA040E200BF2AF7 /* Main.storyboard */,
				87A6BF261CA040E200BF2AF7 /* Assets.xcassets */,
				87A6BF281CA040E200BF2AF7 /* LaunchScreen.storyboard */,
				87A6BF2B1CA040E200BF2AF7 /* Info.plist */,
				87A6BF231CA040E200BF2AF7 /* KellyShop.xcdatamodeld */,
				87F0A8591CA0FB0C0018B31E /* LoginController.swift */,
			);
			path = KellyShop;
			sourceTree = "<group>";
		};
		87A6BF331CA040E200BF2AF7 /* KellyShopTests */ = {
			isa = PBXGroup;
			children = (
				87A6BF341CA040E200BF2AF7 /* KellyShopTests.swift */,
				87A6BF361CA040E200BF2AF7 /* Info.plist */,
			);
			path = KellyShopTests;
			sourceTree = "<group>";
		};
		87A6BF3E1CA040E200BF2AF7 /* KellyShopUITests */ = {
			isa = PBXGroup;
			children = (
				87A6BF3F1CA040E200BF2AF7 /* KellyShopUITests.swift */,
				87A6BF411CA040E200BF2AF7 /* Info.plist */,
			);
			path = KellyShopUITests;
			sourceTree = "<group>";
		};
		87A6BF4D1CA0439500BF2AF7 /* Utils */ = {
			isa = PBXGroup;
			children = (
				87A6BF4E1CA0439C00BF2AF7 /* FileHelper.swift */,
				87A6BF4F1CA0439C00BF2AF7 /* HttpDownloader.swift */,
				87A6BF501CA0439C00BF2AF7 /* ImageHelper.swift */,
				87A6BF511CA0439C00BF2AF7 /* Logger.swift */,
				87A6BF561CA043E800BF2AF7 /* StringHelper.swift */,
			);
			name = Utils;
			sourceTree = "<group>";
		};
/* End PBXGroup section */

/* Begin PBXNativeTarget section */
		87A6BF181CA040E200BF2AF7 /* KellyShop */ = {
			isa = PBXNativeTarget;
			buildConfigurationList = 87A6BF441CA040E200BF2AF7 /* Build configuration list for PBXNativeTarget "KellyShop" */;
			buildPhases = (
				C4E720405E41895521888381 /* Check Pods Manifest.lock */,
				87A6BF151CA040E200BF2AF7 /* Sources */,
				87A6BF161CA040E200BF2AF7 /* Frameworks */,
				87A6BF171CA040E200BF2AF7 /* Resources */,
				B20A0F0E3B747E2B97474208 /* Embed Pods Frameworks */,
				90763CB470A1D4D82E18DE4B /* Copy Pods Resources */,
			);
			buildRules = (
			);
			dependencies = (
			);
			name = KellyShop;
			productName = KellyShop;
			productReference = 87A6BF191CA040E200BF2AF7 /* Jenny's shop.app */;
			productType = "com.apple.product-type.application";
		};
		87A6BF2F1CA040E200BF2AF7 /* KellyShopTests */ = {
			isa = PBXNativeTarget;
			buildConfigurationList = 87A6BF471CA040E200BF2AF7 /* Build configuration list for PBXNativeTarget "KellyShopTests" */;
			buildPhases = (
				87A6BF2C1CA040E200BF2AF7 /* Sources */,
				87A6BF2D1CA040E200BF2AF7 /* Frameworks */,
				87A6BF2E1CA040E200BF2AF7 /* Resources */,
			);
			buildRules = (
			);
			dependencies = (
				87A6BF321CA040E200BF2AF7 /* PBXTargetDependency */,
			);
			name = KellyShopTests;
			productName = KellyShopTests;
			productReference = 87A6BF301CA040E200BF2AF7 /* KellyShopTests.xctest */;
			productType = "com.apple.product-type.bundle.unit-test";
		};
		87A6BF3A1CA040E200BF2AF7 /* KellyShopUITests */ = {
			isa = PBXNativeTarget;
			buildConfigurationList = 87A6BF4A1CA040E200BF2AF7 /* Build configuration list for PBXNativeTarget "KellyShopUITests" */;
			buildPhases = (
				87A6BF371CA040E200BF2AF7 /* Sources */,
				87A6BF381CA040E200BF2AF7 /* Frameworks */,
				87A6BF391CA040E200BF2AF7 /* Resources */,
			);
			buildRules = (
			);
			dependencies = (
				87A6BF3D1CA040E200BF2AF7 /* PBXTargetDependency */,
			);
			name = KellyShopUITests;
			productName = KellyShopUITests;
			productReference = 87A6BF3B1CA040E200BF2AF7 /* KellyShopUITests.xctest */;
			productType = "com.apple.product-type.bundle.ui-testing";
		};
/* End PBXNativeTarget section */

/* Begin PBXProject section */
		87A6BF111CA040E200BF2AF7 /* Project object */ = {
			isa = PBXProject;
			attributes = {
				LastSwiftUpdateCheck = 0720;
				LastUpgradeCheck = 0720;
				ORGANIZATIONNAME = "Hai Lu";
				TargetAttributes = {
					87A6BF181CA040E200BF2AF7 = {
						CreatedOnToolsVersion = 7.2;
						DevelopmentTeam = WG75H77A6K;
					};
					87A6BF2F1CA040E200BF2AF7 = {
						CreatedOnToolsVersion = 7.2;
						TestTargetID = 87A6BF181CA040E200BF2AF7;
					};
					87A6BF3A1CA040E200BF2AF7 = {
						CreatedOnToolsVersion = 7.2;
						TestTargetID = 87A6BF181CA040E200BF2AF7;
					};
				};
			};
			buildConfigurationList = 87A6BF141CA040E200BF2AF7 /* Build configuration list for PBXProject "KellyShop" */;
			compatibilityVersion = "Xcode 3.2";
			developmentRegion = English;
			hasScannedForEncodings = 0;
			knownRegions = (
				en,
				Base,
			);
			mainGroup = 87A6BF101CA040E200BF2AF7;
			productRefGroup = 87A6BF1A1CA040E200BF2AF7 /* Products */;
			projectDirPath = "";
			projectRoot = "";
			targets = (
				87A6BF181CA040E200BF2AF7 /* KellyShop */,
				87A6BF2F1CA040E200BF2AF7 /* KellyShopTests */,
				87A6BF3A1CA040E200BF2AF7 /* KellyShopUITests */,
			);
		};
/* End PBXProject section */

/* Begin PBXResourcesBuildPhase section */
		87A6BF171CA040E200BF2AF7 /* Resources */ = {
			isa = PBXResourcesBuildPhase;
			buildActionMask = 2147483647;
			files = (
				87A6BF2A1CA040E200BF2AF7 /* LaunchScreen.storyboard in Resources */,
				87A6BF271CA040E200BF2AF7 /* Assets.xcassets in Resources */,
				87A6BF221CA040E200BF2AF7 /* Main.storyboard in Resources */,
			);
			runOnlyForDeploymentPostprocessing = 0;
		};
		87A6BF2E1CA040E200BF2AF7 /* Resources */ = {
			isa = PBXResourcesBuildPhase;
			buildActionMask = 2147483647;
			files = (
			);
			runOnlyForDeploymentPostprocessing = 0;
		};
		87A6BF391CA040E200BF2AF7 /* Resources */ = {
			isa = PBXResourcesBuildPhase;
			buildActionMask = 2147483647;
			files = (
			);
			runOnlyForDeploymentPostprocessing = 0;
		};
/* End PBXResourcesBuildPhase section */

/* Begin PBXShellScriptBuildPhase section */
		90763CB470A1D4D82E18DE4B /* Copy Pods Resources */ = {
			isa = PBXShellScriptBuildPhase;
			buildActionMask = 2147483647;
			files = (
			);
			inputPaths = (
			);
			name = "Copy Pods Resources";
			outputPaths = (
			);
			runOnlyForDeploymentPostprocessing = 0;
			shellPath = /bin/sh;
			shellScript = "\"${SRCROOT}/Pods/Target Support Files/Pods-KellyShop/Pods-KellyShop-resources.sh\"\n";
			showEnvVarsInLog = 0;
		};
		B20A0F0E3B747E2B97474208 /* Embed Pods Frameworks */ = {
			isa = PBXShellScriptBuildPhase;
			buildActionMask = 2147483647;
			files = (
			);
			inputPaths = (
			);
			name = "Embed Pods Frameworks";
			outputPaths = (
			);
			runOnlyForDeploymentPostprocessing = 0;
			shellPath = /bin/sh;
			shellScript = "\"${SRCROOT}/Pods/Target Support Files/Pods-KellyShop/Pods-KellyShop-frameworks.sh\"\n";
			showEnvVarsInLog = 0;
		};
		C4E720405E41895521888381 /* Check Pods Manifest.lock */ = {
			isa = PBXShellScriptBuildPhase;
			buildActionMask = 2147483647;
			files = (
			);
			inputPaths = (
			);
			name = "Check Pods Manifest.lock";
			outputPaths = (
			);
			runOnlyForDeploymentPostprocessing = 0;
			shellPath = /bin/sh;
			shellScript = "diff \"${PODS_ROOT}/../Podfile.lock\" \"${PODS_ROOT}/Manifest.lock\" > /dev/null\nif [[ $? != 0 ]] ; then\n    cat << EOM\nerror: The sandbox is not in sync with the Podfile.lock. Run 'pod install' or update your CocoaPods installation.\nEOM\n    exit 1\nfi\n";
			showEnvVarsInLog = 0;
		};
/* End PBXShellScriptBuildPhase section */

/* Begin PBXSourcesBuildPhase section */
		87A6BF151CA040E200BF2AF7 /* Sources */ = {
			isa = PBXSourcesBuildPhase;
			buildActionMask = 2147483647;
			files = (
				87A6BF251CA040E200BF2AF7 /* KellyShop.xcdatamodeld in Sources */,
				87A6BF531CA0439C00BF2AF7 /* HttpDownloader.swift in Sources */,
				87A6BF1F1CA040E200BF2AF7 /* ViewController.swift in Sources */,
				87A6BF1D1CA040E200BF2AF7 /* AppDelegate.swift in Sources */,
				87F0A85A1CA0FB0C0018B31E /* LoginController.swift in Sources */,
				87A6BF571CA043E800BF2AF7 /* StringHelper.swift in Sources */,
				87A6BF551CA0439C00BF2AF7 /* Logger.swift in Sources */,
				87A6BF521CA0439C00BF2AF7 /* FileHelper.swift in Sources */,
				87A6BF541CA0439C00BF2AF7 /* ImageHelper.swift in Sources */,
			);
			runOnlyForDeploymentPostprocessing = 0;
		};
		87A6BF2C1CA040E200BF2AF7 /* Sources */ = {
			isa = PBXSourcesBuildPhase;
			buildActionMask = 2147483647;
			files = (
				87A6BF351CA040E200BF2AF7 /* KellyShopTests.swift in Sources */,
			);
			runOnlyForDeploymentPostprocessing = 0;
		};
		87A6BF371CA040E200BF2AF7 /* Sources */ = {
			isa = PBXSourcesBuildPhase;
			buildActionMask = 2147483647;
			files = (
				87A6BF401CA040E200BF2AF7 /* KellyShopUITests.swift in Sources */,
			);
			runOnlyForDeploymentPostprocessing = 0;
		};
/* End PBXSourcesBuildPhase section */

/* Begin PBXTargetDependency section */
		87A6BF321CA040E200BF2AF7 /* PBXTargetDependency */ = {
			isa = PBXTargetDependency;
			target = 87A6BF181CA040E200BF2AF7 /* KellyShop */;
			targetProxy = 87A6BF311CA040E200BF2AF7 /* PBXContainerItemProxy */;
		};
		87A6BF3D1CA040E200BF2AF7 /* PBXTargetDependency */ = {
			isa = PBXTargetDependency;
			target = 87A6BF181CA040E200BF2AF7 /* KellyShop */;
			targetProxy = 87A6BF3C1CA040E200BF2AF7 /* PBXContainerItemProxy */;
		};
/* End PBXTargetDependency section */

/* Begin PBXVariantGroup section */
		87A6BF201CA040E200BF2AF7 /* Main.storyboard */ = {
			isa = PBXVariantGroup;
			children = (
				87A6BF211CA040E200BF2AF7 /* Base */,
			);
			name = Main.storyboard;
			sourceTree = "<group>";
		};
		87A6BF281CA040E200BF2AF7 /* LaunchScreen.storyboard */ = {
			isa = PBXVariantGroup;
			children = (
				87A6BF291CA040E200BF2AF7 /* Base */,
			);
			name = LaunchScreen.storyboard;
			sourceTree = "<group>";
		};
/* End PBXVariantGroup section */

/* Begin XCBuildConfiguration section */
		87A6BF421CA040E200BF2AF7 /* Debug */ = {
			isa = XCBuildConfiguration;
			buildSettings = {
				ALWAYS_SEARCH_USER_PATHS = NO;
				CLANG_CXX_LANGUAGE_STANDARD = "gnu++0x";
				CLANG_CXX_LIBRARY = "libc++";
				CLANG_ENABLE_MODULES = YES;
				CLANG_ENABLE_OBJC_ARC = YES;
				CLANG_WARN_BOOL_CONVERSION = YES;
				CLANG_WARN_CONSTANT_CONVERSION = YES;
				CLANG_WARN_DIRECT_OBJC_ISA_USAGE = YES_ERROR;
				CLANG_WARN_EMPTY_BODY = YES;
				CLANG_WARN_ENUM_CONVERSION = YES;
				CLANG_WARN_INT_CONVERSION = YES;
				CLANG_WARN_OBJC_ROOT_CLASS = YES_ERROR;
				CLANG_WARN_UNREACHABLE_CODE = YES;
				CLANG_WARN__DUPLICATE_METHOD_MATCH = YES;
				"CODE_SIGN_IDENTITY[sdk=iphoneos*]" = "iPhone Developer";
				COPY_PHASE_STRIP = NO;
				DEBUG_INFORMATION_FORMAT = dwarf;
				ENABLE_STRICT_OBJC_MSGSEND = YES;
				ENABLE_TESTABILITY = YES;
				GCC_C_LANGUAGE_STANDARD = gnu99;
				GCC_DYNAMIC_NO_PIC = NO;
				GCC_NO_COMMON_BLOCKS = YES;
				GCC_OPTIMIZATION_LEVEL = 0;
				GCC_PREPROCESSOR_DEFINITIONS = (
					"DEBUG=1",
					"$(inherited)",
				);
				GCC_WARN_64_TO_32_BIT_CONVERSION = YES;
				GCC_WARN_ABOUT_RETURN_TYPE = YES_ERROR;
				GCC_WARN_UNDECLARED_SELECTOR = YES;
				GCC_WARN_UNINITIALIZED_AUTOS = YES_AGGRESSIVE;
				GCC_WARN_UNUSED_FUNCTION = YES;
				GCC_WARN_UNUSED_VARIABLE = YES;
				IPHONEOS_DEPLOYMENT_TARGET = 9.2;
				MTL_ENABLE_DEBUG_INFO = YES;
				ONLY_ACTIVE_ARCH = YES;
				SDKROOT = iphoneos;
				SWIFT_OPTIMIZATION_LEVEL = "-Onone";
				TARGETED_DEVICE_FAMILY = "1,2";
			};
			name = Debug;
		};
		87A6BF431CA040E200BF2AF7 /* Release */ = {
			isa = XCBuildConfiguration;
			buildSettings = {
				ALWAYS_SEARCH_USER_PATHS = NO;
				CLANG_CXX_LANGUAGE_STANDARD = "gnu++0x";
				CLANG_CXX_LIBRARY = "libc++";
				CLANG_ENABLE_MODULES = YES;
				CLANG_ENABLE_OBJC_ARC = YES;
				CLANG_WARN_BOOL_CONVERSION = YES;
				CLANG_WARN_CONSTANT_CONVERSION = YES;
				CLANG_WARN_DIRECT_OBJC_ISA_USAGE = YES_ERROR;
				CLANG_WARN_EMPTY_BODY = YES;
				CLANG_WARN_ENUM_CONVERSION = YES;
				CLANG_WARN_INT_CONVERSION = YES;
				CLANG_WARN_OBJC_ROOT_CLASS = YES_ERROR;
				CLANG_WARN_UNREACHABLE_CODE = YES;
				CLANG_WARN__DUPLICATE_METHOD_MATCH = YES;
				"CODE_SIGN_IDENTITY[sdk=iphoneos*]" = "iPhone Developer";
				COPY_PHASE_STRIP = NO;
				DEBUG_INFORMATION_FORMAT = "dwarf-with-dsym";
				ENABLE_NS_ASSERTIONS = NO;
				ENABLE_STRICT_OBJC_MSGSEND = YES;
				GCC_C_LANGUAGE_STANDARD = gnu99;
				GCC_NO_COMMON_BLOCKS = YES;
				GCC_WARN_64_TO_32_BIT_CONVERSION = YES;
				GCC_WARN_ABOUT_RETURN_TYPE = YES_ERROR;
				GCC_WARN_UNDECLARED_SELECTOR = YES;
				GCC_WARN_UNINITIALIZED_AUTOS = YES_AGGRESSIVE;
				GCC_WARN_UNUSED_FUNCTION = YES;
				GCC_WARN_UNUSED_VARIABLE = YES;
				IPHONEOS_DEPLOYMENT_TARGET = 9.2;
				MTL_ENABLE_DEBUG_INFO = NO;
				SDKROOT = iphoneos;
				TARGETED_DEVICE_FAMILY = "1,2";
				VALIDATE_PRODUCT = YES;
			};
			name = Release;
		};
		87A6BF451CA040E200BF2AF7 /* Debug */ = {
			isa = XCBuildConfiguration;
			baseConfigurationReference = F592E5A1FFD80248252B233C /* Pods-KellyShop.debug.xcconfig */;
			buildSettings = {
				ASSETCATALOG_COMPILER_APPICON_NAME = AppIcon;
				CODE_SIGN_IDENTITY = "iPhone Developer";
				FRAMEWORK_SEARCH_PATHS = (
					"$(inherited)",
					"$(PROJECT_DIR)/build/Debug-iphoneos",
				);
				INFOPLIST_FILE = KellyShop/Info.plist;
				IPHONEOS_DEPLOYMENT_TARGET = 8.1;
				LD_RUNPATH_SEARCH_PATHS = "$(inherited) @executable_path/Frameworks";
				PRODUCT_BUNDLE_IDENTIFIER = com.luhonghai.jennyshop;
				PRODUCT_NAME = "Jenny's shop";
				SWIFT_OBJC_BRIDGING_HEADER = "KellyShop-Bridging-Header.h";
				"SWIFT_OBJC_BRIDGING_HEADER[arch=*]" = "KellyShop-Bridging-Header.h";
			};
			name = Debug;
		};
		87A6BF461CA040E200BF2AF7 /* Release */ = {
			isa = XCBuildConfiguration;
			baseConfigurationReference = BE2E456AEF4D007D7235B2D8 /* Pods-KellyShop.release.xcconfig */;
			buildSettings = {
				ASSETCATALOG_COMPILER_APPICON_NAME = AppIcon;
				CODE_SIGN_IDENTITY = "iPhone Developer";
				FRAMEWORK_SEARCH_PATHS = (
					"$(inherited)",
					"$(PROJECT_DIR)/build/Debug-iphoneos",
				);
				INFOPLIST_FILE = KellyShop/Info.plist;
				IPHONEOS_DEPLOYMENT_TARGET = 8.1;
				LD_RUNPATH_SEARCH_PATHS = "$(inherited) @executable_path/Frameworks";
				PRODUCT_BUNDLE_IDENTIFIER = com.luhonghai.jennyshop;
				PRODUCT_NAME = "Jenny's shop";
				SWIFT_OBJC_BRIDGING_HEADER = "KellyShop-Bridging-Header.h";
				"SWIFT_OBJC_BRIDGING_HEADER[arch=*]" = "KellyShop-Bridging-Header.h";
			};
			name = Release;
		};
		87A6BF481CA040E200BF2AF7 /* Debug */ = {
			isa = XCBuildConfiguration;
			buildSettings = {
				BUNDLE_LOADER = "$(TEST_HOST)";
				INFOPLIST_FILE = KellyShopTests/Info.plist;
				LD_RUNPATH_SEARCH_PATHS = "$(inherited) @executable_path/Frameworks @loader_path/Frameworks";
				PRODUCT_BUNDLE_IDENTIFIER = com.luhonghai.KellyShopTests;
				PRODUCT_NAME = "$(TARGET_NAME)";
				TEST_HOST = "$(BUILT_PRODUCTS_DIR)/KellyShop.app/KellyShop";
			};
			name = Debug;
		};
		87A6BF491CA040E200BF2AF7 /* Release */ = {
			isa = XCBuildConfiguration;
			buildSettings = {
				BUNDLE_LOADER = "$(TEST_HOST)";
				INFOPLIST_FILE = KellyShopTests/Info.plist;
				LD_RUNPATH_SEARCH_PATHS = "$(inherited) @executable_path/Frameworks @loader_path/Frameworks";
				PRODUCT_BUNDLE_IDENTIFIER = com.luhonghai.KellyShopTests;
				PRODUCT_NAME = "$(TARGET_NAME)";
				TEST_HOST = "$(BUILT_PRODUCTS_DIR)/KellyShop.app/KellyShop";
			};
			name = Release;
		};
		87A6BF4B1CA040E200BF2AF7 /* Debug */ = {
			isa = XCBuildConfiguration;
			buildSettings = {
				INFOPLIST_FILE = KellyShopUITests/Info.plist;
				LD_RUNPATH_SEARCH_PATHS = "$(inherited) @executable_path/Frameworks @loader_path/Frameworks";
				PRODUCT_BUNDLE_IDENTIFIER = com.luhonghai.KellyShopUITests;
				PRODUCT_NAME = "$(TARGET_NAME)";
				TEST_TARGET_NAME = KellyShop;
				USES_XCTRUNNER = YES;
			};
			name = Debug;
		};
		87A6BF4C1CA040E200BF2AF7 /* Release */ = {
			isa = XCBuildConfiguration;
			buildSettings = {
				INFOPLIST_FILE = KellyShopUITests/Info.plist;
				LD_RUNPATH_SEARCH_PATHS = "$(inherited) @executable_path/Frameworks @loader_path/Frameworks";
				PRODUCT_BUNDLE_IDENTIFIER = com.luhonghai.KellyShopUITests;
				PRODUCT_NAME = "$(TARGET_NAME)";
				TEST_TARGET_NAME = KellyShop;
				USES_XCTRUNNER = YES;
			};
			name = Release;
		};
/* End XCBuildConfiguration section */

/* Begin XCConfigurationList section */
		87A6BF141CA040E200BF2AF7 /* Build configuration list for PBXProject "KellyShop" */ = {
			isa = XCConfigurationList;
			buildConfigurations = (
				87A6BF421CA040E200BF2AF7 /* Debug */,
				87A6BF431CA040E200BF2AF7 /* Release */,
			);
			defaultConfigurationIsVisible = 0;
			defaultConfigurationName = Release;
		};
		87A6BF441CA040E200BF2AF7 /* Build configuration list for PBXNativeTarget "KellyShop" */ = {
			isa = XCConfigurationList;
			buildConfigurations = (
				87A6BF451CA040E200BF2AF7 /* Debug */,
				87A6BF461CA040E200BF2AF7 /* Release */,
			);
			defaultConfigurationIsVisible = 0;
			defaultConfigurationName = Release;
		};
		87A6BF471CA040E200BF2AF7 /* Build configuration list for PBXNativeTarget "KellyShopTests" */ = {
			isa = XCConfigurationList;
			buildConfigurations = (
				87A6BF481CA040E200BF2AF7 /* Debug */,
				87A6BF491CA040E200BF2AF7 /* Release */,
			);
			defaultConfigurationIsVisible = 0;
			defaultConfigurationName = Release;
		};
		87A6BF4A1CA040E200BF2AF7 /* Build configuration list for PBXNativeTarget "KellyShopUITests" */ = {
			isa = XCConfigurationList;
			buildConfigurations = (
				87A6BF4B1CA040E200BF2AF7 /* Debug */,
				87A6BF4C1CA040E200BF2AF7 /* Release */,
			);
			defaultConfigurationIsVisible = 0;
			defaultConfigurationName = Release;
		};
/* End XCConfigurationList section */

/* Begin XCVersionGroup section */
		87A6BF231CA040E200BF2AF7 /* KellyShop.xcdatamodeld */ = {
			isa = XCVersionGroup;
			children = (
				87A6BF241CA040E200BF2AF7 /* KellyShop.xcdatamodel */,
			);
			currentVersion = 87A6BF241CA040E200BF2AF7 /* KellyShop.xcdatamodel */;
			path = KellyShop.xcdatamodeld;
			sourceTree = "<group>";
			versionGroupType = wrapper.xcdatamodel;
		};
/* End XCVersionGroup section */
	};
	rootObject = 87A6BF111CA040E200BF2AF7 /* Project object */;
}
